
Microsoft Visual Studio Solution File, Format Version 12.00
# Visual Studio Version 17
VisualStudioVersion = 17.9.34728.123
MinimumVisualStudioVersion = 10.0.40219.1
Project("{FAE04EC0-301F-11D3-BF4B-00C04F79EFBC}") = "Sistemsko", "Sistemsko\Sistemsko.csproj", "{CE4FDEB7-5881-4E7A-AE13-189D8044C153}"
EndProject
Global
	GlobalSection(SolutionConfigurationPlatforms) = preSolution
		Debug|Any CPU = Debug|Any CPU
		Release|Any CPU = Release|Any CPU
	EndGlobalSection
	GlobalSection(ProjectConfigurationPlatforms) = postSolution
		{CE4FDEB7-5881-4E7A-AE13-189D8044C153}.Debug|Any CPU.ActiveCfg = Debug|Any CPU
		{CE4FDEB7-5881-4E7A-AE13-189D8044C153}.Debug|Any CPU.Build.0 = Debug|Any CPU
		{CE4FDEB7-5881-4E7A-AE13-189D8044C153}.Release|Any CPU.ActiveCfg = Release|Any CPU
		{CE4FDEB7-5881-4E7A-AE13-189D8044C153}.Release|Any CPU.Build.0 = Release|Any CPU
	EndGlobalSection
	GlobalSection(SolutionProperties) = preSolution
		HideSolutionNode = FALSE
	EndGlobalSection
	GlobalSection(ExtensibilityGlobals) = postSolution
		SolutionGuid = {DCD3B31B-72DA-402F-A00F-F915F2DCA877}
	EndGlobalSection
EndGlobal
